
Microsoft Visual Studio Solution File, Format Version 12.00
# Visual Studio 2012
Project("{FAE04EC0-301F-11D3-BF4B-00C04F79EFBC}") = "Demo2018.Android", "Demo2018.Android\Demo2018.Android.csproj", "{864AE41E-4D16-4B87-8921-CD7ACCCDD28E}"
EndProject
Project("{FAE04EC0-301F-11D3-BF4B-00C04F79EFBC}") = "Demo2018.iOS", "Demo2018.iOS\Demo2018.iOS.csproj", "{478856A0-CD10-49BA-83EC-B193A601F2A5}"
EndProject
Project("{FAE04EC0-301F-11D3-BF4B-00C04F79EFBC}") = "Demo2018", "Demo2018\Demo2018.csproj", "{2D5DE308-C696-49DB-93AC-99B98CC86814}"
EndProject
Global
	GlobalSection(SolutionConfigurationPlatforms) = preSolution
		Debug|Any CPU = Debug|Any CPU
		Release|Any CPU = Release|Any CPU
		Debug|iPhoneSimulator = Debug|iPhoneSimulator
		Release|iPhoneSimulator = Release|iPhoneSimulator
		Debug|iPhone = Debug|iPhone
		Release|iPhone = Release|iPhone
		Ad-Hoc|iPhone = Ad-Hoc|iPhone
		AppStore|iPhone = AppStore|iPhone
	EndGlobalSection
	GlobalSection(ProjectConfigurationPlatforms) = postSolution
		{864AE41E-4D16-4B87-8921-CD7ACCCDD28E}.Debug|Any CPU.ActiveCfg = Debug|Any CPU
		{864AE41E-4D16-4B87-8921-CD7ACCCDD28E}.Debug|Any CPU.Build.0 = Debug|Any CPU
		{864AE41E-4D16-4B87-8921-CD7ACCCDD28E}.Release|Any CPU.ActiveCfg = Release|Any CPU
		{864AE41E-4D16-4B87-8921-CD7ACCCDD28E}.Release|Any CPU.Build.0 = Release|Any CPU
		{864AE41E-4D16-4B87-8921-CD7ACCCDD28E}.Debug|iPhoneSimulator.ActiveCfg = Debug|Any CPU
		{864AE41E-4D16-4B87-8921-CD7ACCCDD28E}.Debug|iPhoneSimulator.Build.0 = Debug|Any CPU
		{864AE41E-4D16-4B87-8921-CD7ACCCDD28E}.Release|iPhoneSimulator.ActiveCfg = Release|Any CPU
		{864AE41E-4D16-4B87-8921-CD7ACCCDD28E}.Release|iPhoneSimulator.Build.0 = Release|Any CPU
		{864AE41E-4D16-4B87-8921-CD7ACCCDD28E}.Debug|iPhone.ActiveCfg = Debug|Any CPU
		{864AE41E-4D16-4B87-8921-CD7ACCCDD28E}.Debug|iPhone.Build.0 = Debug|Any CPU
		{864AE41E-4D16-4B87-8921-CD7ACCCDD28E}.Release|iPhone.ActiveCfg = Release|Any CPU
		{864AE41E-4D16-4B87-8921-CD7ACCCDD28E}.Release|iPhone.Build.0 = Release|Any CPU
		{864AE41E-4D16-4B87-8921-CD7ACCCDD28E}.Ad-Hoc|iPhone.ActiveCfg = Debug|Any CPU
		{864AE41E-4D16-4B87-8921-CD7ACCCDD28E}.Ad-Hoc|iPhone.Build.0 = Debug|Any CPU
		{864AE41E-4D16-4B87-8921-CD7ACCCDD28E}.AppStore|iPhone.ActiveCfg = Debug|Any CPU
		{864AE41E-4D16-4B87-8921-CD7ACCCDD28E}.AppStore|iPhone.Build.0 = Debug|Any CPU
		{478856A0-CD10-49BA-83EC-B193A601F2A5}.Debug|Any CPU.ActiveCfg = Debug|iPhoneSimulator
		{478856A0-CD10-49BA-83EC-B193A601F2A5}.Debug|Any CPU.Build.0 = Debug|iPhoneSimulator
		{478856A0-CD10-49BA-83EC-B193A601F2A5}.Release|Any CPU.ActiveCfg = Release|iPhoneSimulator
		{478856A0-CD10-49BA-83EC-B193A601F2A5}.Release|Any CPU.Build.0 = Release|iPhoneSimulator
		{478856A0-CD10-49BA-83EC-B193A601F2A5}.Debug|iPhoneSimulator.ActiveCfg = Debug|iPhoneSimulator
		{478856A0-CD10-49BA-83EC-B193A601F2A5}.Debug|iPhoneSimulator.Build.0 = Debug|iPhoneSimulator
		{478856A0-CD10-49BA-83EC-B193A601F2A5}.Release|iPhoneSimulator.ActiveCfg = Release|iPhoneSimulator
		{478856A0-CD10-49BA-83EC-B193A601F2A5}.Release|iPhoneSimulator.Build.0 = Release|iPhoneSimulator
		{478856A0-CD10-49BA-83EC-B193A601F2A5}.Debug|iPhone.ActiveCfg = Debug|iPhone
		{478856A0-CD10-49BA-83EC-B193A601F2A5}.Debug|iPhone.Build.0 = Debug|iPhone
		{478856A0-CD10-49BA-83EC-B193A601F2A5}.Release|iPhone.ActiveCfg = Release|iPhone
		{478856A0-CD10-49BA-83EC-B193A601F2A5}.Release|iPhone.Build.0 = Release|iPhone
		{478856A0-CD10-49BA-83EC-B193A601F2A5}.Ad-Hoc|iPhone.ActiveCfg = Ad-Hoc|iPhone
		{478856A0-CD10-49BA-83EC-B193A601F2A5}.Ad-Hoc|iPhone.Build.0 = Ad-Hoc|iPhone
		{478856A0-CD10-49BA-83EC-B193A601F2A5}.AppStore|iPhone.ActiveCfg = AppStore|iPhone
		{478856A0-CD10-49BA-83EC-B193A601F2A5}.AppStore|iPhone.Build.0 = AppStore|iPhone
		{2D5DE308-C696-49DB-93AC-99B98CC86814}.Debug|Any CPU.ActiveCfg = Debug|Any CPU
		{2D5DE308-C696-49DB-93AC-99B98CC86814}.Debug|Any CPU.Build.0 = Debug|Any CPU
		{2D5DE308-C696-49DB-93AC-99B98CC86814}.Release|Any CPU.ActiveCfg = Release|Any CPU
		{2D5DE308-C696-49DB-93AC-99B98CC86814}.Release|Any CPU.Build.0 = Release|Any CPU
		{2D5DE308-C696-49DB-93AC-99B98CC86814}.Debug|iPhoneSimulator.ActiveCfg = Debug|Any CPU
		{2D5DE308-C696-49DB-93AC-99B98CC86814}.Debug|iPhoneSimulator.Build.0 = Debug|Any CPU
		{2D5DE308-C696-49DB-93AC-99B98CC86814}.Release|iPhoneSimulator.ActiveCfg = Release|Any CPU
		{2D5DE308-C696-49DB-93AC-99B98CC86814}.Release|iPhoneSimulator.Build.0 = Release|Any CPU
		{2D5DE308-C696-49DB-93AC-99B98CC86814}.Debug|iPhone.ActiveCfg = Debug|Any CPU
		{2D5DE308-C696-49DB-93AC-99B98CC86814}.Debug|iPhone.Build.0 = Debug|Any CPU
		{2D5DE308-C696-49DB-93AC-99B98CC86814}.Release|iPhone.ActiveCfg = Release|Any CPU
		{2D5DE308-C696-49DB-93AC-99B98CC86814}.Release|iPhone.Build.0 = Release|Any CPU
		{2D5DE308-C696-49DB-93AC-99B98CC86814}.Ad-Hoc|iPhone.ActiveCfg = Debug|Any CPU
		{2D5DE308-C696-49DB-93AC-99B98CC86814}.Ad-Hoc|iPhone.Build.0 = Debug|Any CPU
		{2D5DE308-C696-49DB-93AC-99B98CC86814}.AppStore|iPhone.ActiveCfg = Debug|Any CPU
		{2D5DE308-C696-49DB-93AC-99B98CC86814}.AppStore|iPhone.Build.0 = Debug|Any CPU
	EndGlobalSection
EndGlobal
